
Microsoft Visual Studio Solution File, Format Version 12.00
# Visual Studio Version 16
VisualStudioVersion = 16.0.31729.503
MinimumVisualStudioVersion = 10.0.40219.1
Project("{FAE04EC0-301F-11D3-BF4B-00C04F79EFBC}") = "Employees", "Employee\Employees.csproj", "{FEA42035-2308-4F45-B630-311C2AAF189F}"
EndProject
Project("{FAE04EC0-301F-11D3-BF4B-00C04F79EFBC}") = "EmployeeUnitTest", "EmployeeUnitTest\EmployeeUnitTest.csproj", "{3250638B-77C8-4E81-BA98-0D4C335CBB81}"
EndProject
Global
	GlobalSection(SolutionConfigurationPlatforms) = preSolution
		Debug|Any CPU = Debug|Any CPU
		Release|Any CPU = Release|Any CPU
	EndGlobalSection
	GlobalSection(ProjectConfigurationPlatforms) = postSolution
		{FEA42035-2308-4F45-B630-311C2AAF189F}.Debug|Any CPU.ActiveCfg = Debug|Any CPU
		{FEA42035-2308-4F45-B630-311C2AAF189F}.Debug|Any CPU.Build.0 = Debug|Any CPU
		{FEA42035-2308-4F45-B630-311C2AAF189F}.Release|Any CPU.ActiveCfg = Release|Any CPU
		{FEA42035-2308-4F45-B630-311C2AAF189F}.Release|Any CPU.Build.0 = Release|Any CPU
		{3250638B-77C8-4E81-BA98-0D4C335CBB81}.Debug|Any CPU.ActiveCfg = Debug|Any CPU
		{3250638B-77C8-4E81-BA98-0D4C335CBB81}.Debug|Any CPU.Build.0 = Debug|Any CPU
		{3250638B-77C8-4E81-BA98-0D4C335CBB81}.Release|Any CPU.ActiveCfg = Release|Any CPU
		{3250638B-77C8-4E81-BA98-0D4C335CBB81}.Release|Any CPU.Build.0 = Release|Any CPU
	EndGlobalSection
	GlobalSection(SolutionProperties) = preSolution
		HideSolutionNode = FALSE
	EndGlobalSection
	GlobalSection(ExtensibilityGlobals) = postSolution
		SolutionGuid = {C4BC2310-C8FD-4657-A6A1-35816A2A393A}
	EndGlobalSection
EndGlobal
